
Microsoft Visual Studio Solution File, Format Version 12.00
# Visual Studio Version 17
VisualStudioVersion = 17.3.32929.385
MinimumVisualStudioVersion = 10.0.40219.1
Project("{FAE04EC0-301F-11D3-BF4B-00C04F79EFBC}") = "NoteTakingApp.Android", "NoteTakingApp\NoteTakingApp.Android\NoteTakingApp.Android.csproj", "{2CC447C7-25F9-445B-B06A-29D51159517C}"
EndProject
Project("{FAE04EC0-301F-11D3-BF4B-00C04F79EFBC}") = "NoteTakingApp.iOS", "NoteTakingApp\NoteTakingApp.iOS\NoteTakingApp.iOS.csproj", "{03AD58C4-55C3-49EA-92A5-9AA39E6E3894}"
EndProject
Project("{FAE04EC0-301F-11D3-BF4B-00C04F79EFBC}") = "NoteTakingApp", "NoteTakingApp\NoteTakingApp\NoteTakingApp.csproj", "{3473D2B6-4ED9-4AE2-BFE5-EF32C4A8F283}"
EndProject
Global
	GlobalSection(SolutionConfigurationPlatforms) = preSolution
		Debug|Any CPU = Debug|Any CPU
		Debug|iPhone = Debug|iPhone
		Debug|iPhoneSimulator = Debug|iPhoneSimulator
		Release|Any CPU = Release|Any CPU
		Release|iPhone = Release|iPhone
		Release|iPhoneSimulator = Release|iPhoneSimulator
	EndGlobalSection
	GlobalSection(ProjectConfigurationPlatforms) = postSolution
		{2CC447C7-25F9-445B-B06A-29D51159517C}.Debug|Any CPU.ActiveCfg = Debug|Any CPU
		{2CC447C7-25F9-445B-B06A-29D51159517C}.Debug|Any CPU.Build.0 = Debug|Any CPU
		{2CC447C7-25F9-445B-B06A-29D51159517C}.Debug|Any CPU.Deploy.0 = Debug|Any CPU
		{2CC447C7-25F9-445B-B06A-29D51159517C}.Debug|iPhone.ActiveCfg = Debug|Any CPU
		{2CC447C7-25F9-445B-B06A-29D51159517C}.Debug|iPhone.Build.0 = Debug|Any CPU
		{2CC447C7-25F9-445B-B06A-29D51159517C}.Debug|iPhone.Deploy.0 = Debug|Any CPU
		{2CC447C7-25F9-445B-B06A-29D51159517C}.Debug|iPhoneSimulator.ActiveCfg = Debug|Any CPU
		{2CC447C7-25F9-445B-B06A-29D51159517C}.Debug|iPhoneSimulator.Build.0 = Debug|Any CPU
		{2CC447C7-25F9-445B-B06A-29D51159517C}.Debug|iPhoneSimulator.Deploy.0 = Debug|Any CPU
		{2CC447C7-25F9-445B-B06A-29D51159517C}.Release|Any CPU.ActiveCfg = Release|Any CPU
		{2CC447C7-25F9-445B-B06A-29D51159517C}.Release|Any CPU.Build.0 = Release|Any CPU
		{2CC447C7-25F9-445B-B06A-29D51159517C}.Release|Any CPU.Deploy.0 = Release|Any CPU
		{2CC447C7-25F9-445B-B06A-29D51159517C}.Release|iPhone.ActiveCfg = Release|Any CPU
		{2CC447C7-25F9-445B-B06A-29D51159517C}.Release|iPhone.Build.0 = Release|Any CPU
		{2CC447C7-25F9-445B-B06A-29D51159517C}.Release|iPhone.Deploy.0 = Release|Any CPU
		{2CC447C7-25F9-445B-B06A-29D51159517C}.Release|iPhoneSimulator.ActiveCfg = Release|Any CPU
		{2CC447C7-25F9-445B-B06A-29D51159517C}.Release|iPhoneSimulator.Build.0 = Release|Any CPU
		{2CC447C7-25F9-445B-B06A-29D51159517C}.Release|iPhoneSimulator.Deploy.0 = Release|Any CPU
		{03AD58C4-55C3-49EA-92A5-9AA39E6E3894}.Debug|Any CPU.ActiveCfg = Debug|iPhone
		{03AD58C4-55C3-49EA-92A5-9AA39E6E3894}.Debug|Any CPU.Build.0 = Debug|iPhone
		{03AD58C4-55C3-49EA-92A5-9AA39E6E3894}.Debug|Any CPU.Deploy.0 = Debug|iPhone
		{03AD58C4-55C3-49EA-92A5-9AA39E6E3894}.Debug|iPhone.ActiveCfg = Debug|iPhone
		{03AD58C4-55C3-49EA-92A5-9AA39E6E3894}.Debug|iPhone.Build.0 = Debug|iPhone
		{03AD58C4-55C3-49EA-92A5-9AA39E6E3894}.Debug|iPhone.Deploy.0 = Debug|iPhone
		{03AD58C4-55C3-49EA-92A5-9AA39E6E3894}.Debug|iPhoneSimulator.ActiveCfg = Debug|iPhoneSimulator
		{03AD58C4-55C3-49EA-92A5-9AA39E6E3894}.Debug|iPhoneSimulator.Build.0 = Debug|iPhoneSimulator
		{03AD58C4-55C3-49EA-92A5-9AA39E6E3894}.Debug|iPhoneSimulator.Deploy.0 = Debug|iPhoneSimulator
		{03AD58C4-55C3-49EA-92A5-9AA39E6E3894}.Release|Any CPU.ActiveCfg = Release|iPhoneSimulator
		{03AD58C4-55C3-49EA-92A5-9AA39E6E3894}.Release|Any CPU.Build.0 = Release|iPhoneSimulator
		{03AD58C4-55C3-49EA-92A5-9AA39E6E3894}.Release|Any CPU.Deploy.0 = Release|iPhoneSimulator
		{03AD58C4-55C3-49EA-92A5-9AA39E6E3894}.Release|iPhone.ActiveCfg = Release|iPhone
		{03AD58C4-55C3-49EA-92A5-9AA39E6E3894}.Release|iPhone.Build.0 = Release|iPhone
		{03AD58C4-55C3-49EA-92A5-9AA39E6E3894}.Release|iPhone.Deploy.0 = Release|iPhone
		{03AD58C4-55C3-49EA-92A5-9AA39E6E3894}.Release|iPhoneSimulator.ActiveCfg = Release|iPhoneSimulator
		{03AD58C4-55C3-49EA-92A5-9AA39E6E3894}.Release|iPhoneSimulator.Build.0 = Release|iPhoneSimulator
		{03AD58C4-55C3-49EA-92A5-9AA39E6E3894}.Release|iPhoneSimulator.Deploy.0 = Release|iPhoneSimulator
		{3473D2B6-4ED9-4AE2-BFE5-EF32C4A8F283}.Debug|Any CPU.ActiveCfg = Debug|Any CPU
		{3473D2B6-4ED9-4AE2-BFE5-EF32C4A8F283}.Debug|Any CPU.Build.0 = Debug|Any CPU
		{3473D2B6-4ED9-4AE2-BFE5-EF32C4A8F283}.Debug|Any CPU.Deploy.0 = Debug|Any CPU
		{3473D2B6-4ED9-4AE2-BFE5-EF32C4A8F283}.Debug|iPhone.ActiveCfg = Debug|Any CPU
		{3473D2B6-4ED9-4AE2-BFE5-EF32C4A8F283}.Debug|iPhone.Build.0 = Debug|Any CPU
		{3473D2B6-4ED9-4AE2-BFE5-EF32C4A8F283}.Debug|iPhone.Deploy.0 = Debug|Any CPU
		{3473D2B6-4ED9-4AE2-BFE5-EF32C4A8F283}.Debug|iPhoneSimulator.ActiveCfg = Debug|Any CPU
		{3473D2B6-4ED9-4AE2-BFE5-EF32C4A8F283}.Debug|iPhoneSimulator.Build.0 = Debug|Any CPU
		{3473D2B6-4ED9-4AE2-BFE5-EF32C4A8F283}.Debug|iPhoneSimulator.Deploy.0 = Debug|Any CPU
		{3473D2B6-4ED9-4AE2-BFE5-EF32C4A8F283}.Release|Any CPU.ActiveCfg = Release|Any CPU
		{3473D2B6-4ED9-4AE2-BFE5-EF32C4A8F283}.Release|Any CPU.Build.0 = Release|Any CPU
		{3473D2B6-4ED9-4AE2-BFE5-EF32C4A8F283}.Release|Any CPU.Deploy.0 = Release|Any CPU
		{3473D2B6-4ED9-4AE2-BFE5-EF32C4A8F283}.Release|iPhone.ActiveCfg = Release|Any CPU
		{3473D2B6-4ED9-4AE2-BFE5-EF32C4A8F283}.Release|iPhone.Build.0 = Release|Any CPU
		{3473D2B6-4ED9-4AE2-BFE5-EF32C4A8F283}.Release|iPhone.Deploy.0 = Release|Any CPU
		{3473D2B6-4ED9-4AE2-BFE5-EF32C4A8F283}.Release|iPhoneSimulator.ActiveCfg = Release|Any CPU
		{3473D2B6-4ED9-4AE2-BFE5-EF32C4A8F283}.Release|iPhoneSimulator.Build.0 = Release|Any CPU
		{3473D2B6-4ED9-4AE2-BFE5-EF32C4A8F283}.Release|iPhoneSimulator.Deploy.0 = Release|Any CPU
	EndGlobalSection
	GlobalSection(SolutionProperties) = preSolution
		HideSolutionNode = FALSE
	EndGlobalSection
	GlobalSection(ExtensibilityGlobals) = postSolution
		SolutionGuid = {152C6A12-F160-4157-9F7A-9EF1A8C9E957}
	EndGlobalSection
EndGlobal
